
Microsoft Visual Studio Solution File, Format Version 12.00
# Visual Studio Version 17
VisualStudioVersion = 17.1.32414.318
MinimumVisualStudioVersion = 10.0.40219.1
Project("{FAE04EC0-301F-11D3-BF4B-00C04F79EFBC}") = "Actividad_1_Lab", "Actividad_1_Lab\Actividad_1_Lab.csproj", "{79720EB9-9619-451D-8506-4D154F2A952D}"
EndProject
Global
	GlobalSection(SolutionConfigurationPlatforms) = preSolution
		Debug|Any CPU = Debug|Any CPU
		Release|Any CPU = Release|Any CPU
	EndGlobalSection
	GlobalSection(ProjectConfigurationPlatforms) = postSolution
		{79720EB9-9619-451D-8506-4D154F2A952D}.Debug|Any CPU.ActiveCfg = Debug|Any CPU
		{79720EB9-9619-451D-8506-4D154F2A952D}.Debug|Any CPU.Build.0 = Debug|Any CPU
		{79720EB9-9619-451D-8506-4D154F2A952D}.Release|Any CPU.ActiveCfg = Release|Any CPU
		{79720EB9-9619-451D-8506-4D154F2A952D}.Release|Any CPU.Build.0 = Release|Any CPU
	EndGlobalSection
	GlobalSection(SolutionProperties) = preSolution
		HideSolutionNode = FALSE
	EndGlobalSection
	GlobalSection(ExtensibilityGlobals) = postSolution
		SolutionGuid = {35BD7645-C5B0-439D-8D7A-004A019E447F}
	EndGlobalSection
EndGlobal
